
Microsoft Visual Studio Solution File, Format Version 12.00
# Visual Studio Version 17
VisualStudioVersion = 17.4.33103.184
MinimumVisualStudioVersion = 10.0.40219.1
Project("{FAE04EC0-301F-11D3-BF4B-00C04F79EFBC}") = "RazorPagesMovie", "RazorPagesMovie\RazorPagesMovie.csproj", "{9731CCAC-2DF0-4DBB-8823-0B247F5B47A0}"
EndProject
Project("{00D1A9C2-B5F0-4AF3-8072-F6C62B433612}") = "MovieDb", "MovieDb\MovieDb.sqlproj", "{E092A2BE-4E81-474C-9078-D97F891850DF}"
EndProject
Project("{FAE04EC0-301F-11D3-BF4B-00C04F79EFBC}") = "Api", "Api\Api.csproj", "{17599B16-BE03-48FD-AF60-BB214F45B0CA}"
EndProject
Global
	GlobalSection(SolutionConfigurationPlatforms) = preSolution
		Debug|Any CPU = Debug|Any CPU
		Release|Any CPU = Release|Any CPU
	EndGlobalSection
	GlobalSection(ProjectConfigurationPlatforms) = postSolution
		{9731CCAC-2DF0-4DBB-8823-0B247F5B47A0}.Debug|Any CPU.ActiveCfg = Debug|Any CPU
		{9731CCAC-2DF0-4DBB-8823-0B247F5B47A0}.Debug|Any CPU.Build.0 = Debug|Any CPU
		{9731CCAC-2DF0-4DBB-8823-0B247F5B47A0}.Release|Any CPU.ActiveCfg = Release|Any CPU
		{9731CCAC-2DF0-4DBB-8823-0B247F5B47A0}.Release|Any CPU.Build.0 = Release|Any CPU
		{E092A2BE-4E81-474C-9078-D97F891850DF}.Debug|Any CPU.ActiveCfg = Debug|Any CPU
		{E092A2BE-4E81-474C-9078-D97F891850DF}.Debug|Any CPU.Build.0 = Debug|Any CPU
		{E092A2BE-4E81-474C-9078-D97F891850DF}.Debug|Any CPU.Deploy.0 = Debug|Any CPU
		{E092A2BE-4E81-474C-9078-D97F891850DF}.Release|Any CPU.ActiveCfg = Release|Any CPU
		{E092A2BE-4E81-474C-9078-D97F891850DF}.Release|Any CPU.Build.0 = Release|Any CPU
		{E092A2BE-4E81-474C-9078-D97F891850DF}.Release|Any CPU.Deploy.0 = Release|Any CPU
		{17599B16-BE03-48FD-AF60-BB214F45B0CA}.Debug|Any CPU.ActiveCfg = Debug|Any CPU
		{17599B16-BE03-48FD-AF60-BB214F45B0CA}.Debug|Any CPU.Build.0 = Debug|Any CPU
		{17599B16-BE03-48FD-AF60-BB214F45B0CA}.Release|Any CPU.ActiveCfg = Release|Any CPU
		{17599B16-BE03-48FD-AF60-BB214F45B0CA}.Release|Any CPU.Build.0 = Release|Any CPU
	EndGlobalSection
	GlobalSection(SolutionProperties) = preSolution
		HideSolutionNode = FALSE
	EndGlobalSection
	GlobalSection(ExtensibilityGlobals) = postSolution
		SolutionGuid = {0ABC4BCE-63B2-442D-B492-229F753164CA}
	EndGlobalSection
EndGlobal
